
Microsoft Visual Studio Solution File, Format Version 12.00
# Visual Studio Version 17
VisualStudioVersion = 17.5.33627.172
MinimumVisualStudioVersion = 10.0.40219.1
Project("{FAE04EC0-301F-11D3-BF4B-00C04F79EFBC}") = "laboratory-work-4", "laboratory-work-4.csproj", "{F75DA23B-14CE-4EB6-A30D-A7FE0E449291}"
EndProject
Global
	GlobalSection(SolutionConfigurationPlatforms) = preSolution
		Debug|Any CPU = Debug|Any CPU
		Release|Any CPU = Release|Any CPU
	EndGlobalSection
	GlobalSection(ProjectConfigurationPlatforms) = postSolution
		{F75DA23B-14CE-4EB6-A30D-A7FE0E449291}.Debug|Any CPU.ActiveCfg = Debug|Any CPU
		{F75DA23B-14CE-4EB6-A30D-A7FE0E449291}.Debug|Any CPU.Build.0 = Debug|Any CPU
		{F75DA23B-14CE-4EB6-A30D-A7FE0E449291}.Release|Any CPU.ActiveCfg = Release|Any CPU
		{F75DA23B-14CE-4EB6-A30D-A7FE0E449291}.Release|Any CPU.Build.0 = Release|Any CPU
	EndGlobalSection
	GlobalSection(SolutionProperties) = preSolution
		HideSolutionNode = FALSE
	EndGlobalSection
	GlobalSection(ExtensibilityGlobals) = postSolution
		SolutionGuid = {6D9D80C8-DF9F-4BA2-A75F-016AAE360997}
	EndGlobalSection
EndGlobal
